
Microsoft Visual Studio Solution File, Format Version 12.00
# Visual Studio Version 16
VisualStudioVersion = 16.0.31624.102
MinimumVisualStudioVersion = 10.0.40219.1
Project("{FAE04EC0-301F-11D3-BF4B-00C04F79EFBC}") = "Inventory", "Inventory\Inventory.csproj", "{3D7FCB98-67C8-42EA-B5CF-CAF83F47B359}"
EndProject
Project("{FAE04EC0-301F-11D3-BF4B-00C04F79EFBC}") = "Inventory.Android", "Inventory.Android\Inventory.Android.csproj", "{92C2250D-283B-4995-A5EF-B54504B4B6F9}"
EndProject
Global
	GlobalSection(SolutionConfigurationPlatforms) = preSolution
		Debug|Any CPU = Debug|Any CPU
		Release|Any CPU = Release|Any CPU
	EndGlobalSection
	GlobalSection(ProjectConfigurationPlatforms) = postSolution
		{3D7FCB98-67C8-42EA-B5CF-CAF83F47B359}.Debug|Any CPU.ActiveCfg = Debug|Any CPU
		{3D7FCB98-67C8-42EA-B5CF-CAF83F47B359}.Debug|Any CPU.Build.0 = Debug|Any CPU
		{3D7FCB98-67C8-42EA-B5CF-CAF83F47B359}.Release|Any CPU.ActiveCfg = Release|Any CPU
		{3D7FCB98-67C8-42EA-B5CF-CAF83F47B359}.Release|Any CPU.Build.0 = Release|Any CPU
		{92C2250D-283B-4995-A5EF-B54504B4B6F9}.Debug|Any CPU.ActiveCfg = Debug|Any CPU
		{92C2250D-283B-4995-A5EF-B54504B4B6F9}.Debug|Any CPU.Build.0 = Debug|Any CPU
		{92C2250D-283B-4995-A5EF-B54504B4B6F9}.Debug|Any CPU.Deploy.0 = Debug|Any CPU
		{92C2250D-283B-4995-A5EF-B54504B4B6F9}.Release|Any CPU.ActiveCfg = Release|Any CPU
		{92C2250D-283B-4995-A5EF-B54504B4B6F9}.Release|Any CPU.Build.0 = Release|Any CPU
		{92C2250D-283B-4995-A5EF-B54504B4B6F9}.Release|Any CPU.Deploy.0 = Release|Any CPU
	EndGlobalSection
	GlobalSection(SolutionProperties) = preSolution
		HideSolutionNode = FALSE
	EndGlobalSection
	GlobalSection(ExtensibilityGlobals) = postSolution
		SolutionGuid = {CDAB8055-796A-412E-8944-8CF397BC41F0}
	EndGlobalSection
EndGlobal
